
Microsoft Visual Studio Solution File, Format Version 12.00
# Visual Studio 15
VisualStudioVersion = 15.0.27130.2027
MinimumVisualStudioVersion = 10.0.40219.1
Project("{FAE04EC0-301F-11D3-BF4B-00C04F79EFBC}") = "İnstagram Takipçi", "İnstagram Takipçi\İnstagram Takipçi.csproj", "{15D119C0-55C6-4EB2-9EB2-6428E77EF876}"
EndProject
Global
	GlobalSection(SolutionConfigurationPlatforms) = preSolution
		Debug|Any CPU = Debug|Any CPU
		Release|Any CPU = Release|Any CPU
	EndGlobalSection
	GlobalSection(ProjectConfigurationPlatforms) = postSolution
		{15D119C0-55C6-4EB2-9EB2-6428E77EF876}.Debug|Any CPU.ActiveCfg = Debug|Any CPU
		{15D119C0-55C6-4EB2-9EB2-6428E77EF876}.Debug|Any CPU.Build.0 = Debug|Any CPU
		{15D119C0-55C6-4EB2-9EB2-6428E77EF876}.Release|Any CPU.ActiveCfg = Release|Any CPU
		{15D119C0-55C6-4EB2-9EB2-6428E77EF876}.Release|Any CPU.Build.0 = Release|Any CPU
	EndGlobalSection
	GlobalSection(SolutionProperties) = preSolution
		HideSolutionNode = FALSE
	EndGlobalSection
	GlobalSection(ExtensibilityGlobals) = postSolution
		SolutionGuid = {B882FCC7-C636-42F4-BF58-6D0A73E15502}
	EndGlobalSection
EndGlobal
